
Microsoft Visual Studio Solution File, Format Version 12.00
# Visual Studio Version 17
VisualStudioVersion = 17.14.36221.1 d17.14
MinimumVisualStudioVersion = 10.0.40219.1
Project("{FAE04EC0-301F-11D3-BF4B-00C04F79EFBC}") = "ASPNETMVCCRUDADOSPDROP", "ASPNETMVCCRUDADOSPDROP.csproj", "{70FF3340-1FD0-4A18-B4A1-A91C30ED85B9}"
EndProject
Global
	GlobalSection(SolutionConfigurationPlatforms) = preSolution
		Debug|Any CPU = Debug|Any CPU
		Release|Any CPU = Release|Any CPU
	EndGlobalSection
	GlobalSection(ProjectConfigurationPlatforms) = postSolution
		{70FF3340-1FD0-4A18-B4A1-A91C30ED85B9}.Debug|Any CPU.ActiveCfg = Debug|Any CPU
		{70FF3340-1FD0-4A18-B4A1-A91C30ED85B9}.Debug|Any CPU.Build.0 = Debug|Any CPU
		{70FF3340-1FD0-4A18-B4A1-A91C30ED85B9}.Release|Any CPU.ActiveCfg = Release|Any CPU
		{70FF3340-1FD0-4A18-B4A1-A91C30ED85B9}.Release|Any CPU.Build.0 = Release|Any CPU
	EndGlobalSection
	GlobalSection(SolutionProperties) = preSolution
		HideSolutionNode = FALSE
	EndGlobalSection
	GlobalSection(ExtensibilityGlobals) = postSolution
		SolutionGuid = {02467CBC-C8C3-4FE9-A015-D56D65A93CE6}
	EndGlobalSection
EndGlobal
